// !$*UTF8*$!
{
	archiveVersion = 1;
	classes = {
	};
	objectVersion = 50;
	objects = {

/* Begin PBXBuildFile section */
		F8FBBCFA2135D59000EBE654 /* AppDelegate.swift in Sources */ = {isa = PBXBuildFile; fileRef = F8FBBCF92135D59000EBE654 /* AppDelegate.swift */; };
		F8FBBCFC2135D59000EBE654 /* ViewController.swift in Sources */ = {isa = PBXBuildFile; fileRef = F8FBBCFB2135D59000EBE654 /* ViewController.swift */; };
		F8FBBCFF2135D59000EBE654 /* Main.storyboard in Resources */ = {isa = PBXBuildFile; fileRef = F8FBBCFD2135D59000EBE654 /* Main.storyboard */; };
		F8FBBD012135D59100EBE654 /* Assets.xcassets in Resources */ = {isa = PBXBuildFile; fileRef = F8FBBD002135D59100EBE654 /* Assets.xcassets */; };
		F8FBBD042135D59100EBE654 /* LaunchScreen.storyboard in Resources */ = {isa = PBXBuildFile; fileRef = F8FBBD022135D59100EBE654 /* LaunchScreen.storyboard */; };
		F8FBBD0C2135D62C00EBE654 /* CustomControl.swift in Sources */ = {isa = PBXBuildFile; fileRef = F8FBBD0B2135D62C00EBE654 /* CustomControl.swift */; };
/* End PBXBuildFile section */

/* Begin PBXFileReference section */
		F8FBBCF62135D59000EBE654 /* CustomControls.app */ = {isa = PBXFileReference; explicitFileType = wrapper.application; includeInIndex = 0; path = CustomControls.app; sourceTree = BUILT_PRODUCTS_DIR; };
		F8FBBCF92135D59000EBE654 /* AppDelegate.swift */ = {isa = PBXFileReference; lastKnownFileType = sourcecode.swift; path = AppDelegate.swift; sourceTree = "<group>"; };
		F8FBBCFB2135D59000EBE654 /* ViewController.swift */ = {isa = PBXFileReference; lastKnownFileType = sourcecode.swift; path = ViewController.swift; sourceTree = "<group>"; };
		F8FBBCFE2135D59000EBE654 /* Base */ = {isa = PBXFileReference; lastKnownFileType = file.storyboard; name = Base; path = Base.lproj/Main.storyboard; sourceTree = "<group>"; };
		F8FBBD002135D59100EBE654 /* Assets.xcassets */ = {isa = PBXFileReference; lastKnownFileType = folder.assetcatalog; path = Assets.xcassets; sourceTree = "<group>"; };
		F8FBBD032135D59100EBE654 /* Base */ = {isa = PBXFileReference; lastKnownFileType = file.storyboard; name = Base; path = Base.lproj/LaunchScreen.storyboard; sourceTree = "<group>"; };
		F8FBBD052135D59100EBE654 /* Info.plist */ = {isa = PBXFileReference; lastKnownFileType = text.plist.xml; path = Info.plist; sourceTree = "<group>"; };
		F8FBBD0B2135D62C00EBE654 /* CustomControl.swift */ = {isa = PBXFileReference; lastKnownFileType = sourcecode.swift; path = CustomControl.swift; sourceTree = "<group>"; };
/* End PBXFileReference section */

/* Begin PBXFrameworksBuildPhase section */
		F8FBBCF32135D59000EBE654 /* Frameworks */ = {
			isa = PBXFrameworksBuildPhase;
			buildActionMask = 2147483647;
			files = (
			);
			runOnlyForDeploymentPostprocessing = 0;
		};
/* End PBXFrameworksBuildPhase section */

/* Begin PBXGroup section */
		F8FBBCED2135D59000EBE654 = {
			isa = PBXGroup;
			children = (
				F8FBBCF82135D59000EBE654 /* CustomControls */,
				F8FBBCF72135D59000EBE654 /* Products */,
			);
			sourceTree = "<group>";
		};
		F8FBBCF72135D59000EBE654 /* Products */ = {
			isa = PBXGroup;
			children = (
				F8FBBCF62135D59000EBE654 /* CustomControls.app */,
			);
			name = Products;
			sourceTree = "<group>";
		};
		F8FBBCF82135D59000EBE654 /* CustomControls */ = {
			isa = PBXGroup;
			children = (
				F8FBBCF92135D59000EBE654 /* AppDelegate.swift */,
				F8FBBCFB2135D59000EBE654 /* ViewController.swift */,
				F8FBBCFD2135D59000EBE654 /* Main.storyboard */,
				F8FBBD0B2135D62C00EBE654 /* CustomControl.swift */,
				F8FBBD002135D59100EBE654 /* Assets.xcassets */,
				F8FBBD022135D59100EBE654 /* LaunchScreen.storyboard */,
				F8FBBD052135D59100EBE654 /* Info.plist */,
			);
			path = CustomControls;
			sourceTree = "<group>";
		};
/* End PBXGroup section */

/* Begin PBXNativeTarget section */
		F8FBBCF52135D59000EBE654 /* CustomControls */ = {
			isa = PBXNativeTarget;
			buildConfigurationList = F8FBBD082135D59100EBE654 /* Build configuration list for PBXNativeTarget "CustomControls" */;
			buildPhases = (
				F8FBBCF22135D59000EBE654 /* Sources */,
				F8FBBCF32135D59000EBE654 /* Frameworks */,
				F8FBBCF42135D59000EBE654 /* Resources */,
			);
			buildRules = (
			);
			dependencies = (
			);
			name = CustomControls;
			productName = CustomControls;
			productReference = F8FBBCF62135D59000EBE654 /* CustomControls.app */;
			productType = "com.apple.product-type.application";
		};
/* End PBXNativeTarget section */

/* Begin PBXProject section */
		F8FBBCEE2135D59000EBE654 /* Project object */ = {
			isa = PBXProject;
			attributes = {
				LastSwiftUpdateCheck = 0940;
				LastUpgradeCheck = 0940;
				ORGANIZATIONNAME = "Jonathan T. Miles";
				TargetAttributes = {
					F8FBBCF52135D59000EBE654 = {
						CreatedOnToolsVersion = 9.4.1;
					};
				};
			};
			buildConfigurationList = F8FBBCF12135D59000EBE654 /* Build configuration list for PBXProject "CustomControls" */;
			compatibilityVersion = "Xcode 9.3";
			developmentRegion = en;
			hasScannedForEncodings = 0;
			knownRegions = (
				en,
				Base,
			);
			mainGroup = F8FBBCED2135D59000EBE654;
			productRefGroup = F8FBBCF72135D59000EBE654 /* Products */;
			projectDirPath = "";
			projectRoot = "";
			targets = (
				F8FBBCF52135D59000EBE654 /* CustomControls */,
			);
		};
/* End PBXProject section */

/* Begin PBXResourcesBuildPhase section */
		F8FBBCF42135D59000EBE654 /* Resources */ = {
			isa = PBXResourcesBuildPhase;
			buildActionMask = 2147483647;
			files = (
				F8FBBD042135D59100EBE654 /* LaunchScreen.storyboard in Resources */,
				F8FBBD012135D59100EBE654 /* Assets.xcassets in Resources */,
				F8FBBCFF2135D59000EBE654 /* Main.storyboard in Resources */,
			);
			runOnlyForDeploymentPostprocessing = 0;
		};
/* End PBXResourcesBuildPhase section */

/* Begin PBXSourcesBuildPhase section */
		F8FBBCF22135D59000EBE654 /* Sources */ = {
			isa = PBXSourcesBuildPhase;
			buildActionMask = 2147483647;
			files = (
				F8FBBCFC2135D59000EBE654 /* ViewController.swift in Sources */,
				F8FBBD0C2135D62C00EBE654 /* CustomControl.swift in Sources */,
				F8FBBCFA2135D59000EBE654 /* AppDelegate.swift in Sources */,
			);
			runOnlyForDeploymentPostprocessing = 0;
		};
/* End PBXSourcesBuildPhase section */

/* Begin PBXVariantGroup section */
		F8FBBCFD2135D59000EBE654 /* Main.storyboard */ = {
			isa = PBXVariantGroup;
			children = (
				F8FBBCFE2135D59000EBE654 /* Base */,
			);
			name = Main.storyboard;
			sourceTree = "<group>";
		};
		F8FBBD022135D59100EBE654 /* LaunchScreen.storyboard */ = {
			isa = PBXVariantGroup;
			children = (
				F8FBBD032135D59100EBE654 /* Base */,
			);
			name = LaunchScreen.storyboard;
			sourceTree = "<group>";
		};
/* End PBXVariantGroup section */

/* Begin XCBuildConfiguration section */
		F8FBBD062135D59100EBE654 /* Debug */ = {
			isa = XCBuildConfiguration;
			buildSettings = {
				ALWAYS_SEARCH_USER_PATHS = NO;
				CLANG_ANALYZER_NONNULL = YES;
				CLANG_ANALYZER_NUMBER_OBJECT_CONVERSION = YES_AGGRESSIVE;
				CLANG_CXX_LANGUAGE_STANDARD = "gnu++14";
				CLANG_CXX_LIBRARY = "libc++";
				CLANG_ENABLE_MODULES = YES;
				CLANG_ENABLE_OBJC_ARC = YES;
				CLANG_ENABLE_OBJC_WEAK = YES;
				CLANG_WARN_BLOCK_CAPTURE_AUTORELEASING = YES;
				CLANG_WARN_BOOL_CONVERSION = YES;
				CLANG_WARN_COMMA = YES;
				CLANG_WARN_CONSTANT_CONVERSION = YES;
				CLANG_WARN_DEPRECATED_OBJC_IMPLEMENTATIONS = YES;
				CLANG_WARN_DIRECT_OBJC_ISA_USAGE = YES_ERROR;
				CLANG_WARN_DOCUMENTATION_COMMENTS = YES;
				CLANG_WARN_EMPTY_BODY = YES;
				CLANG_WARN_ENUM_CONVERSION = YES;
				CLANG_WARN_INFINITE_RECURSION = YES;
				CLANG_WARN_INT_CONVERSION = YES;
				CLANG_WARN_NON_LITERAL_NULL_CONVERSION = YES;
				CLANG_WARN_OBJC_IMPLICIT_RETAIN_SELF = YES;
				CLANG_WARN_OBJC_LITERAL_CONVERSION = YES;
				CLANG_WARN_OBJC_ROOT_CLASS = YES_ERROR;
				CLANG_WARN_RANGE_LOOP_ANALYSIS = YES;
				CLANG_WARN_STRICT_PROTOTYPES = YES;
				CLANG_WARN_SUSPICIOUS_MOVE = YES;
				CLANG_WARN_UNGUARDED_AVAILABILITY = YES_AGGRESSIVE;
				CLANG_WARN_UNREACHABLE_CODE = YES;
				CLANG_WARN__DUPLICATE_METHOD_MATCH = YES;
				CODE_SIGN_IDENTITY = "iPhone Developer";
				COPY_PHASE_STRIP = NO;
				DEBUG_INFORMATION_FORMAT = dwarf;
				ENABLE_STRICT_OBJC_MSGSEND = YES;
				ENABLE_TESTABILITY = YES;
				GCC_C_LANGUAGE_STANDARD = gnu11;
				GCC_DYNAMIC_NO_PIC = NO;
				GCC_NO_COMMON_BLOCKS = YES;
				GCC_OPTIMIZATION_LEVEL = 0;
				GCC_PREPROCESSOR_DEFINITIONS = (
					"DEBUG=1",
					"$(inherited)",
				);
				GCC_WARN_64_TO_32_BIT_CONVERSION = YES;
				GCC_WARN_ABOUT_RETURN_TYPE = YES_ERROR;
				GCC_WARN_UNDECLARED_SELECTOR = YES;
				GCC_WARN_UNINITIALIZED_AUTOS = YES_AGGRESSIVE;
				GCC_WARN_UNUSED_FUNCTION = YES;
				GCC_WARN_UNUSED_VARIABLE = YES;
				IPHONEOS_DEPLOYMENT_TARGET = 11.4;
				MTL_ENABLE_DEBUG_INFO = YES;
				ONLY_ACTIVE_ARCH = YES;
				SDKROOT = iphoneos;
				SWIFT_ACTIVE_COMPILATION_CONDITIONS = DEBUG;
				SWIFT_OPTIMIZATION_LEVEL = "-Onone";
			};
			name = Debug;
		};
		F8FBBD072135D59100EBE654 /* Release */ = {
			isa = XCBuildConfiguration;
			buildSettings = {
				ALWAYS_SEARCH_USER_PATHS = NO;
				CLANG_ANALYZER_NONNULL = YES;
				CLANG_ANALYZER_NUMBER_OBJECT_CONVERSION = YES_AGGRESSIVE;
				CLANG_CXX_LANGUAGE_STANDARD = "gnu++14";
				CLANG_CXX_LIBRARY = "libc++";
				CLANG_ENABLE_MODULES = YES;
				CLANG_ENABLE_OBJC_ARC = YES;
				CLANG_ENABLE_OBJC_WEAK = YES;
				CLANG_WARN_BLOCK_CAPTURE_AUTORELEASING = YES;
				CLANG_WARN_BOOL_CONVERSION = YES;
				CLANG_WARN_COMMA = YES;
				CLANG_WARN_CONSTANT_CONVERSION = YES;
				CLANG_WARN_DEPRECATED_OBJC_IMPLEMENTATIONS = YES;
				CLANG_WARN_DIRECT_OBJC_ISA_USAGE = YES_ERROR;
				CLANG_WARN_DOCUMENTATION_COMMENTS = YES;
				CLANG_WARN_EMPTY_BODY = YES;
				CLANG_WARN_ENUM_CONVERSION = YES;
				CLANG_WARN_INFINITE_RECURSION = YES;
				CLANG_WARN_INT_CONVERSION = YES;
				CLANG_WARN_NON_LITERAL_NULL_CONVERSION = YES;
				CLANG_WARN_OBJC_IMPLICIT_RETAIN_SELF = YES;
				CLANG_WARN_OBJC_LITERAL_CONVERSION = YES;
				CLANG_WARN_OBJC_ROOT_CLASS = YES_ERROR;
				CLANG_WARN_RANGE_LOOP_ANALYSIS = YES;
				CLANG_WARN_STRICT_PROTOTYPES = YES;
				CLANG_WARN_SUSPICIOUS_MOVE = YES;
				CLANG_WARN_UNGUARDED_AVAILABILITY = YES_AGGRESSIVE;
				CLANG_WARN_UNREACHABLE_CODE = YES;
				CLANG_WARN__DUPLICATE_METHOD_MATCH = YES;
				CODE_SIGN_IDENTITY = "iPhone Developer";
				COPY_PHASE_STRIP = NO;
				DEBUG_INFORMATION_FORMAT = "dwarf-with-dsym";
				ENABLE_NS_ASSERTIONS = NO;
				ENABLE_STRICT_OBJC_MSGSEND = YES;
				GCC_C_LANGUAGE_STANDARD = gnu11;
				GCC_NO_COMMON_BLOCKS = YES;
				GCC_WARN_64_TO_32_BIT_CONVERSION = YES;
				GCC_WARN_ABOUT_RETURN_TYPE = YES_ERROR;
				GCC_WARN_UNDECLARED_SELECTOR = YES;
				GCC_WARN_UNINITIALIZED_AUTOS = YES_AGGRESSIVE;
				GCC_WARN_UNUSED_FUNCTION = YES;
				GCC_WARN_UNUSED_VARIABLE = YES;
				IPHONEOS_DEPLOYMENT_TARGET = 11.4;
				MTL_ENABLE_DEBUG_INFO = NO;
				SDKROOT = iphoneos;
				SWIFT_COMPILATION_MODE = wholemodule;
				SWIFT_OPTIMIZATION_LEVEL = "-O";
				VALIDATE_PRODUCT = YES;
			};
			name = Release;
		};
		F8FBBD092135D59100EBE654 /* Debug */ = {
			isa = XCBuildConfiguration;
			buildSettings = {
				ASSETCATALOG_COMPILER_APPICON_NAME = AppIcon;
				CODE_SIGN_STYLE = Automatic;
				DEVELOPMENT_TEAM = 8J9VUCBX92;
				INFOPLIST_FILE = CustomControls/Info.plist;
				LD_RUNPATH_SEARCH_PATHS = (
					"$(inherited)",
					"@executable_path/Frameworks",
				);
				PRODUCT_BUNDLE_IDENTIFIER = com.jonathantmiles.CustomControls;
				PRODUCT_NAME = "$(TARGET_NAME)";
				SWIFT_VERSION = 4.0;
				TARGETED_DEVICE_FAMILY = "1,2";
			};
			name = Debug;
		};
		F8FBBD0A2135D59100EBE654 /* Release */ = {
			isa = XCBuildConfiguration;
			buildSettings = {
				ASSETCATALOG_COMPILER_APPICON_NAME = AppIcon;
				CODE_SIGN_STYLE = Automatic;
				DEVELOPMENT_TEAM = 8J9VUCBX92;
				INFOPLIST_FILE = CustomControls/Info.plist;
				LD_RUNPATH_SEARCH_PATHS = (
					"$(inherited)",
					"@executable_path/Frameworks",
				);
				PRODUCT_BUNDLE_IDENTIFIER = com.jonathantmiles.CustomControls;
				PRODUCT_NAME = "$(TARGET_NAME)";
				SWIFT_VERSION = 4.0;
				TARGETED_DEVICE_FAMILY = "1,2";
			};
			name = Release;
		};
/* End XCBuildConfiguration section */

/* Begin XCConfigurationList section */
		F8FBBCF12135D59000EBE654 /* Build configuration list for PBXProject "CustomControls" */ = {
			isa = XCConfigurationList;
			buildConfigurations = (
				F8FBBD062135D59100EBE654 /* Debug */,
				F8FBBD072135D59100EBE654 /* Release */,
			);
			defaultConfigurationIsVisible = 0;
			defaultConfigurationName = Release;
		};
		F8FBBD082135D59100EBE654 /* Build configuration list for PBXNativeTarget "CustomControls" */ = {
			isa = XCConfigurationList;
			buildConfigurations = (
				F8FBBD092135D59100EBE654 /* Debug */,
				F8FBBD0A2135D59100EBE654 /* Release */,
			);
			defaultConfigurationIsVisible = 0;
			defaultConfigurationName = Release;
		};
/* End XCConfigurationList section */
	};
	rootObject = F8FBBCEE2135D59000EBE654 /* Project object */;
}
